
Microsoft Visual Studio Solution File, Format Version 12.00
# Visual Studio Version 16
VisualStudioVersion = 16.0.30225.117
MinimumVisualStudioVersion = 10.0.40219.1
Project("{FAE04EC0-301F-11D3-BF4B-00C04F79EFBC}") = "401-Prework-Code_Challenges_Repo2", "401-Prework-Code_Challenges_Repo2\401-Prework-Code_Challenges_Repo2.csproj", "{0AF69E36-1178-4112-A924-233C01EDC71A}"
EndProject
Global
	GlobalSection(SolutionConfigurationPlatforms) = preSolution
		Debug|Any CPU = Debug|Any CPU
		Release|Any CPU = Release|Any CPU
	EndGlobalSection
	GlobalSection(ProjectConfigurationPlatforms) = postSolution
		{0AF69E36-1178-4112-A924-233C01EDC71A}.Debug|Any CPU.ActiveCfg = Debug|Any CPU
		{0AF69E36-1178-4112-A924-233C01EDC71A}.Debug|Any CPU.Build.0 = Debug|Any CPU
		{0AF69E36-1178-4112-A924-233C01EDC71A}.Release|Any CPU.ActiveCfg = Release|Any CPU
		{0AF69E36-1178-4112-A924-233C01EDC71A}.Release|Any CPU.Build.0 = Release|Any CPU
	EndGlobalSection
	GlobalSection(SolutionProperties) = preSolution
		HideSolutionNode = FALSE
	EndGlobalSection
	GlobalSection(ExtensibilityGlobals) = postSolution
		SolutionGuid = {08C64402-933A-4CDD-981D-D28ED1C9436E}
	EndGlobalSection
EndGlobal
